
Microsoft Visual Studio Solution File, Format Version 12.00
# Visual Studio Version 17
VisualStudioVersion = 17.11.35312.102
MinimumVisualStudioVersion = 10.0.40219.1
Project("{FAE04EC0-301F-11D3-BF4B-00C04F79EFBC}") = "BookLibrary.Console", "BookLibrary.Console\BookLibrary.Console.csproj", "{500D87A8-EE02-465D-B418-2430CB8E8B8E}"
EndProject
Global
	GlobalSection(SolutionConfigurationPlatforms) = preSolution
		Debug|Any CPU = Debug|Any CPU
		Release|Any CPU = Release|Any CPU
	EndGlobalSection
	GlobalSection(ProjectConfigurationPlatforms) = postSolution
		{500D87A8-EE02-465D-B418-2430CB8E8B8E}.Debug|Any CPU.ActiveCfg = Debug|Any CPU
		{500D87A8-EE02-465D-B418-2430CB8E8B8E}.Debug|Any CPU.Build.0 = Debug|Any CPU
		{500D87A8-EE02-465D-B418-2430CB8E8B8E}.Release|Any CPU.ActiveCfg = Release|Any CPU
		{500D87A8-EE02-465D-B418-2430CB8E8B8E}.Release|Any CPU.Build.0 = Release|Any CPU
	EndGlobalSection
	GlobalSection(SolutionProperties) = preSolution
		HideSolutionNode = FALSE
	EndGlobalSection
	GlobalSection(ExtensibilityGlobals) = postSolution
		SolutionGuid = {7211F51B-8AF0-4755-B703-30F978C77C02}
	EndGlobalSection
EndGlobal
